
Microsoft Visual Studio Solution File, Format Version 12.00
# Visual Studio Version 17
VisualStudioVersion = 17.11.35208.52
MinimumVisualStudioVersion = 10.0.40219.1
Project("{FAE04EC0-301F-11D3-BF4B-00C04F79EFBC}") = "Warmup", "Warmup\Warmup.csproj", "{D898C30D-AE43-402C-A16D-883CE3EF7E2F}"
EndProject
Global
	GlobalSection(SolutionConfigurationPlatforms) = preSolution
		Debug|Any CPU = Debug|Any CPU
		Release|Any CPU = Release|Any CPU
	EndGlobalSection
	GlobalSection(ProjectConfigurationPlatforms) = postSolution
		{D898C30D-AE43-402C-A16D-883CE3EF7E2F}.Debug|Any CPU.ActiveCfg = Debug|Any CPU
		{D898C30D-AE43-402C-A16D-883CE3EF7E2F}.Debug|Any CPU.Build.0 = Debug|Any CPU
		{D898C30D-AE43-402C-A16D-883CE3EF7E2F}.Release|Any CPU.ActiveCfg = Release|Any CPU
		{D898C30D-AE43-402C-A16D-883CE3EF7E2F}.Release|Any CPU.Build.0 = Release|Any CPU
	EndGlobalSection
	GlobalSection(SolutionProperties) = preSolution
		HideSolutionNode = FALSE
	EndGlobalSection
	GlobalSection(ExtensibilityGlobals) = postSolution
		SolutionGuid = {4D858575-7C5D-4556-B9F1-C9F6D7247875}
	EndGlobalSection
EndGlobal
